
Microsoft Visual Studio Solution File, Format Version 12.00
# Visual Studio Version 17
VisualStudioVersion = 17.11.35312.102
MinimumVisualStudioVersion = 10.0.40219.1
Project("{9A19103F-16F7-4668-BE54-9A1E7A4F7556}") = "KrontecDemo", "KrontecDemo\KrontecDemo.csproj", "{C9DA810B-2B2D-45A0-8563-DA8A591B924A}"
EndProject
Project("{FAE04EC0-301F-11D3-BF4B-00C04F79EFBC}") = "Krontec.Data", "Krontec.Data\Krontec.Data.csproj", "{D54C6479-B70C-4433-AEDE-7C1420F99F46}"
EndProject
Global
	GlobalSection(SolutionConfigurationPlatforms) = preSolution
		Debug|Any CPU = Debug|Any CPU
		Release|Any CPU = Release|Any CPU
	EndGlobalSection
	GlobalSection(ProjectConfigurationPlatforms) = postSolution
		{C9DA810B-2B2D-45A0-8563-DA8A591B924A}.Debug|Any CPU.ActiveCfg = Debug|Any CPU
		{C9DA810B-2B2D-45A0-8563-DA8A591B924A}.Debug|Any CPU.Build.0 = Debug|Any CPU
		{C9DA810B-2B2D-45A0-8563-DA8A591B924A}.Release|Any CPU.ActiveCfg = Release|Any CPU
		{C9DA810B-2B2D-45A0-8563-DA8A591B924A}.Release|Any CPU.Build.0 = Release|Any CPU
		{D54C6479-B70C-4433-AEDE-7C1420F99F46}.Debug|Any CPU.ActiveCfg = Debug|Any CPU
		{D54C6479-B70C-4433-AEDE-7C1420F99F46}.Debug|Any CPU.Build.0 = Debug|Any CPU
		{D54C6479-B70C-4433-AEDE-7C1420F99F46}.Release|Any CPU.ActiveCfg = Release|Any CPU
		{D54C6479-B70C-4433-AEDE-7C1420F99F46}.Release|Any CPU.Build.0 = Release|Any CPU
	EndGlobalSection
	GlobalSection(SolutionProperties) = preSolution
		HideSolutionNode = FALSE
	EndGlobalSection
	GlobalSection(ExtensibilityGlobals) = postSolution
		SolutionGuid = {4830B812-3EF7-406F-B3FF-CCBF63B90E32}
	EndGlobalSection
EndGlobal
